// !$*UTF8*$!
{
	archiveVersion = 1;
	classes = {
	};
	objectVersion = 46;
	objects = {

/* Begin PBXBuildFile section */
		152F5453158BAD790074B693 /* UIKit.framework in Frameworks */ = {isa = PBXBuildFile; fileRef = 152F5452158BAD790074B693 /* UIKit.framework */; };
		152F5455158BAD790074B693 /* Foundation.framework in Frameworks */ = {isa = PBXBuildFile; fileRef = 152F5454158BAD790074B693 /* Foundation.framework */; };
		152F5457158BAD790074B693 /* CoreGraphics.framework in Frameworks */ = {isa = PBXBuildFile; fileRef = 152F5456158BAD790074B693 /* CoreGraphics.framework */; };
		152F545D158BAD790074B693 /* InfoPlist.strings in Resources */ = {isa = PBXBuildFile; fileRef = 152F545B158BAD790074B693 /* InfoPlist.strings */; };
		152F545F158BAD790074B693 /* main.m in Sources */ = {isa = PBXBuildFile; fileRef = 152F545E158BAD790074B693 /* main.m */; };
		152F5463158BAD790074B693 /* AppDelegate.m in Sources */ = {isa = PBXBuildFile; fileRef = 152F5462158BAD790074B693 /* AppDelegate.m */; };
		152F546E158BADBA0074B693 /* Arrow.png in Resources */ = {isa = PBXBuildFile; fileRef = 152F546A158BADBA0074B693 /* Arrow.png */; };
		152F546F158BADBA0074B693 /* Fighter.png in Resources */ = {isa = PBXBuildFile; fileRef = 152F546B158BADBA0074B693 /* Fighter.png */; };
		152F5470158BADBA0074B693 /* FireButton.png in Resources */ = {isa = PBXBuildFile; fileRef = 152F546C158BADBA0074B693 /* FireButton.png */; };
		152F5471158BADBA0074B693 /* Invader.png in Resources */ = {isa = PBXBuildFile; fileRef = 152F546D158BADBA0074B693 /* Invader.png */; };
		152F5474158BADC40074B693 /* GamePlayView.m in Sources */ = {isa = PBXBuildFile; fileRef = 152F5473158BADC40074B693 /* GamePlayView.m */; };
		152F547E158BAF8A0074B693 /* Bullet.png in Resources */ = {isa = PBXBuildFile; fileRef = 152F547D158BAF8A0074B693 /* Bullet.png */; };
		152F54A0158CFAF20074B693 /* BlueBar.png in Resources */ = {isa = PBXBuildFile; fileRef = 152F549F158CFAF20074B693 /* BlueBar.png */; };
		152F54A3158CFBB00074B693 /* RedBar.png in Resources */ = {isa = PBXBuildFile; fileRef = 152F54A2158CFBB00074B693 /* RedBar.png */; };
		152F54A9158E85840074B693 /* Bound.png in Resources */ = {isa = PBXBuildFile; fileRef = 152F54A8158E85840074B693 /* Bound.png */; };
		152F54AC158E933F0074B693 /* DropZone.png in Resources */ = {isa = PBXBuildFile; fileRef = 152F54AB158E933F0074B693 /* DropZone.png */; };
		152F54B7158EB0020074B693 /* Invader.m in Sources */ = {isa = PBXBuildFile; fileRef = 152F54B6158EB0020074B693 /* Invader.m */; };
		1539EA1E1597609D001B51AB /* ToggleControlButton.png in Resources */ = {isa = PBXBuildFile; fileRef = 1539EA1D1597609D001B51AB /* ToggleControlButton.png */; };
		1539EA3215981AD5001B51AB /* NotAnotherSpaceShooterVoice.wav in Resources */ = {isa = PBXBuildFile; fileRef = 1539EA3115981AD5001B51AB /* NotAnotherSpaceShooterVoice.wav */; };
		1539EA3A1598AD89001B51AB /* CrossingThrough.wav in Resources */ = {isa = PBXBuildFile; fileRef = 1539EA381598AD89001B51AB /* CrossingThrough.wav */; };
		1539EA3B1598AD89001B51AB /* Explosion2.wav in Resources */ = {isa = PBXBuildFile; fileRef = 1539EA391598AD89001B51AB /* Explosion2.wav */; };
		1539EA3E1598AF92001B51AB /* MessageBoard.png in Resources */ = {isa = PBXBuildFile; fileRef = 1539EA3D1598AF92001B51AB /* MessageBoard.png */; };
		1539EA401598B441001B51AB /* Naaa.png in Resources */ = {isa = PBXBuildFile; fileRef = 1539EA3F1598B441001B51AB /* Naaa.png */; };
		1539EA551598FC95001B51AB /* SinglePlayer1Button.png in Resources */ = {isa = PBXBuildFile; fileRef = 1539EA521598FC95001B51AB /* SinglePlayer1Button.png */; };
		1539EA561598FC95001B51AB /* SinglePlayer2Button.png in Resources */ = {isa = PBXBuildFile; fileRef = 1539EA531598FC95001B51AB /* SinglePlayer2Button.png */; };
		1539EA571598FC95001B51AB /* TwoPlayerButton.png in Resources */ = {isa = PBXBuildFile; fileRef = 1539EA541598FC95001B51AB /* TwoPlayerButton.png */; };
		1539EA6615992B3A001B51AB /* Icon2.png in Resources */ = {isa = PBXBuildFile; fileRef = 1539EA6515992B3A001B51AB /* Icon2.png */; };
		15597940158FA37E0024F600 /* Fly.png in Resources */ = {isa = PBXBuildFile; fileRef = 1559793F158FA37E0024F600 /* Fly.png */; };
		15597944158FA6430024F600 /* Ninja.png in Resources */ = {isa = PBXBuildFile; fileRef = 15597942158FA6430024F600 /* Ninja.png */; };
		15597945158FA6430024F600 /* Tank.png in Resources */ = {isa = PBXBuildFile; fileRef = 15597943158FA6430024F600 /* Tank.png */; };
		155979541590D4DA0024F600 /* RootViewController.m in Sources */ = {isa = PBXBuildFile; fileRef = 155979531590D4DA0024F600 /* RootViewController.m */; };
		1559795C1590D54D0024F600 /* GameMenuView.m in Sources */ = {isa = PBXBuildFile; fileRef = 1559795B1590D54D0024F600 /* GameMenuView.m */; };
		1559795E1590DA670024F600 /* SpaceBackGround.png in Resources */ = {isa = PBXBuildFile; fileRef = 1559795D1590DA670024F600 /* SpaceBackGround.png */; };
		1559796C159215AF0024F600 /* Help.png in Resources */ = {isa = PBXBuildFile; fileRef = 1559796B159215AF0024F600 /* Help.png */; };
		15597977159363DB0024F600 /* YellowBar.png in Resources */ = {isa = PBXBuildFile; fileRef = 15597976159363DB0024F600 /* YellowBar.png */; };
		1559797A15936DC20024F600 /* RedBall.png in Resources */ = {isa = PBXBuildFile; fileRef = 1559797915936DC20024F600 /* RedBall.png */; };
		1559798315939FA20024F600 /* BlackBlock.png in Resources */ = {isa = PBXBuildFile; fileRef = 1559798215939FA20024F600 /* BlackBlock.png */; };
		155979851593A69F0024F600 /* AltFireButton.png in Resources */ = {isa = PBXBuildFile; fileRef = 155979841593A69F0024F600 /* AltFireButton.png */; };
		1559798B1593ABCB0024F600 /* Credits.png in Resources */ = {isa = PBXBuildFile; fileRef = 1559798A1593ABCB0024F600 /* Credits.png */; };
		1559798E1593B5080024F600 /* Icon.png in Resources */ = {isa = PBXBuildFile; fileRef = 1559798D1593B5080024F600 /* Icon.png */; };
		1559799F1593D5A50024F600 /* StateBound.png in Resources */ = {isa = PBXBuildFile; fileRef = 1559799E1593D5A50024F600 /* StateBound.png */; };
		155979A515942E990024F600 /* MenuBackGround.png in Resources */ = {isa = PBXBuildFile; fileRef = 155979A415942E990024F600 /* MenuBackGround.png */; };
		155979B81594EA820024F600 /* BackToMenuButton.png in Resources */ = {isa = PBXBuildFile; fileRef = 155979B31594EA820024F600 /* BackToMenuButton.png */; };
		155979B91594EA820024F600 /* CreditsButton.png in Resources */ = {isa = PBXBuildFile; fileRef = 155979B41594EA820024F600 /* CreditsButton.png */; };
		155979BA1594EA820024F600 /* HowToPlayButton.png in Resources */ = {isa = PBXBuildFile; fileRef = 155979B51594EA820024F600 /* HowToPlayButton.png */; };
		155979BB1594EA820024F600 /* NewGameButton.png in Resources */ = {isa = PBXBuildFile; fileRef = 155979B61594EA820024F600 /* NewGameButton.png */; };
		155979BC1594EA820024F600 /* ResumeGameButton.png in Resources */ = {isa = PBXBuildFile; fileRef = 155979B71594EA820024F600 /* ResumeGameButton.png */; };
		15CA3FA815962BC300275046 /* AudioToolbox.framework in Frameworks */ = {isa = PBXBuildFile; fileRef = 15CA3FA715962BC300275046 /* AudioToolbox.framework */; };
		15CA3FAC15962BE300275046 /* Explosion.wav in Resources */ = {isa = PBXBuildFile; fileRef = 15CA3FA915962BE300275046 /* Explosion.wav */; };
		15CA3FAD15962BE300275046 /* Shield.wav in Resources */ = {isa = PBXBuildFile; fileRef = 15CA3FAA15962BE300275046 /* Shield.wav */; };
		15CA3FAE15962BE300275046 /* Shoot.wav in Resources */ = {isa = PBXBuildFile; fileRef = 15CA3FAB15962BE300275046 /* Shoot.wav */; };
		15CA3FB21596361600275046 /* AVFoundation.framework in Frameworks */ = {isa = PBXBuildFile; fileRef = 15CA3FB11596361600275046 /* AVFoundation.framework */; };
		15CA3FBE1596630000275046 /* GameEndBoard.png in Resources */ = {isa = PBXBuildFile; fileRef = 15CA3FBD1596630000275046 /* GameEndBoard.png */; };
		15CA3FC2159666E400275046 /* GameEndBlueWin.png in Resources */ = {isa = PBXBuildFile; fileRef = 15CA3FC0159666E300275046 /* GameEndBlueWin.png */; };
		15CA3FC3159666E400275046 /* GameEndRedWin.png in Resources */ = {isa = PBXBuildFile; fileRef = 15CA3FC1159666E400275046 /* GameEndRedWin.png */; };
/* End PBXBuildFile section */

/* Begin PBXFileReference section */
		152F544E158BAD790074B693 /* NotAnotherSpaceShooterGame.app */ = {isa = PBXFileReference; explicitFileType = wrapper.application; includeInIndex = 0; path = NotAnotherSpaceShooterGame.app; sourceTree = BUILT_PRODUCTS_DIR; };
		152F5452158BAD790074B693 /* UIKit.framework */ = {isa = PBXFileReference; lastKnownFileType = wrapper.framework; name = UIKit.framework; path = System/Library/Frameworks/UIKit.framework; sourceTree = SDKROOT; };
		152F5454158BAD790074B693 /* Foundation.framework */ = {isa = PBXFileReference; lastKnownFileType = wrapper.framework; name = Foundation.framework; path = System/Library/Frameworks/Foundation.framework; sourceTree = SDKROOT; };
		152F5456158BAD790074B693 /* CoreGraphics.framework */ = {isa = PBXFileReference; lastKnownFileType = wrapper.framework; name = CoreGraphics.framework; path = System/Library/Frameworks/CoreGraphics.framework; sourceTree = SDKROOT; };
		152F545A158BAD790074B693 /* Invaders-Info.plist */ = {isa = PBXFileReference; lastKnownFileType = text.plist.xml; path = "Invaders-Info.plist"; sourceTree = "<group>"; };
		152F545C158BAD790074B693 /* en */ = {isa = PBXFileReference; lastKnownFileType = text.plist.strings; name = en; path = en.lproj/InfoPlist.strings; sourceTree = "<group>"; };
		152F545E158BAD790074B693 /* main.m */ = {isa = PBXFileReference; lastKnownFileType = sourcecode.c.objc; path = main.m; sourceTree = "<group>"; };
		152F5460158BAD790074B693 /* Invaders-Prefix.pch */ = {isa = PBXFileReference; lastKnownFileType = sourcecode.c.h; path = "Invaders-Prefix.pch"; sourceTree = "<group>"; };
		152F5461158BAD790074B693 /* AppDelegate.h */ = {isa = PBXFileReference; lastKnownFileType = sourcecode.c.h; path = AppDelegate.h; sourceTree = "<group>"; };
		152F5462158BAD790074B693 /* AppDelegate.m */ = {isa = PBXFileReference; lastKnownFileType = sourcecode.c.objc; path = AppDelegate.m; sourceTree = "<group>"; };
		152F546A158BADBA0074B693 /* Arrow.png */ = {isa = PBXFileReference; lastKnownFileType = image.png; path = Arrow.png; sourceTree = "<group>"; };
		152F546B158BADBA0074B693 /* Fighter.png */ = {isa = PBXFileReference; lastKnownFileType = image.png; path = Fighter.png; sourceTree = "<group>"; };
		152F546C158BADBA0074B693 /* FireButton.png */ = {isa = PBXFileReference; lastKnownFileType = image.png; path = FireButton.png; sourceTree = "<group>"; };
		152F546D158BADBA0074B693 /* Invader.png */ = {isa = PBXFileReference; lastKnownFileType = image.png; path = Invader.png; sourceTree = "<group>"; };
		152F5472158BADC40074B693 /* GamePlayView.h */ = {isa = PBXFileReference; fileEncoding = 4; lastKnownFileType = sourcecode.c.h; path = GamePlayView.h; sourceTree = "<group>"; };
		152F5473158BADC40074B693 /* GamePlayView.m */ = {isa = PBXFileReference; fileEncoding = 4; lastKnownFileType = sourcecode.c.objc; path = GamePlayView.m; sourceTree = "<group>"; };
		152F547D158BAF8A0074B693 /* Bullet.png */ = {isa = PBXFileReference; lastKnownFileType = image.png; path = Bullet.png; sourceTree = "<group>"; };
		152F549F158CFAF20074B693 /* BlueBar.png */ = {isa = PBXFileReference; lastKnownFileType = image.png; path = BlueBar.png; sourceTree = "<group>"; };
		152F54A2158CFBB00074B693 /* RedBar.png */ = {isa = PBXFileReference; lastKnownFileType = image.png; path = RedBar.png; sourceTree = "<group>"; };
		152F54A8158E85840074B693 /* Bound.png */ = {isa = PBXFileReference; lastKnownFileType = image.png; path = Bound.png; sourceTree = "<group>"; };
		152F54AB158E933F0074B693 /* DropZone.png */ = {isa = PBXFileReference; lastKnownFileType = image.png; path = DropZone.png; sourceTree = "<group>"; };
		152F54B5158EB0020074B693 /* Invader.h */ = {isa = PBXFileReference; fileEncoding = 4; lastKnownFileType = sourcecode.c.h; path = Invader.h; sourceTree = "<group>"; };
		152F54B6158EB0020074B693 /* Invader.m */ = {isa = PBXFileReference; fileEncoding = 4; lastKnownFileType = sourcecode.c.objc; path = Invader.m; sourceTree = "<group>"; };
		1539EA1D1597609D001B51AB /* ToggleControlButton.png */ = {isa = PBXFileReference; lastKnownFileType = image.png; path = ToggleControlButton.png; sourceTree = "<group>"; };
		1539EA3115981AD5001B51AB /* NotAnotherSpaceShooterVoice.wav */ = {isa = PBXFileReference; lastKnownFileType = audio.wav; name = NotAnotherSpaceShooterVoice.wav; path = Sounds/NotAnotherSpaceShooterVoice.wav; sourceTree = "<group>"; };
		1539EA381598AD89001B51AB /* CrossingThrough.wav */ = {isa = PBXFileReference; lastKnownFileType = audio.wav; name = CrossingThrough.wav; path = Sounds/CrossingThrough.wav; sourceTree = "<group>"; };
		1539EA391598AD89001B51AB /* Explosion2.wav */ = {isa = PBXFileReference; lastKnownFileType = audio.wav; name = Explosion2.wav; path = Sounds/Explosion2.wav; sourceTree = "<group>"; };
		1539EA3D1598AF92001B51AB /* MessageBoard.png */ = {isa = PBXFileReference; lastKnownFileType = image.png; path = MessageBoard.png; sourceTree = "<group>"; };
		1539EA3F1598B441001B51AB /* Naaa.png */ = {isa = PBXFileReference; lastKnownFileType = image.png; path = Naaa.png; sourceTree = "<group>"; };
		1539EA521598FC95001B51AB /* SinglePlayer1Button.png */ = {isa = PBXFileReference; lastKnownFileType = image.png; path = SinglePlayer1Button.png; sourceTree = "<group>"; };
		1539EA531598FC95001B51AB /* SinglePlayer2Button.png */ = {isa = PBXFileReference; lastKnownFileType = image.png; path = SinglePlayer2Button.png; sourceTree = "<group>"; };
		1539EA541598FC95001B51AB /* TwoPlayerButton.png */ = {isa = PBXFileReference; lastKnownFileType = image.png; path = TwoPlayerButton.png; sourceTree = "<group>"; };
		1539EA6515992B3A001B51AB /* Icon2.png */ = {isa = PBXFileReference; lastKnownFileType = image.png; path = Icon2.png; sourceTree = "<group>"; };
		1559793F158FA37E0024F600 /* Fly.png */ = {isa = PBXFileReference; lastKnownFileType = image.png; path = Fly.png; sourceTree = "<group>"; };
		15597942158FA6430024F600 /* Ninja.png */ = {isa = PBXFileReference; lastKnownFileType = image.png; path = Ninja.png; sourceTree = "<group>"; };
		15597943158FA6430024F600 /* Tank.png */ = {isa = PBXFileReference; lastKnownFileType = image.png; path = Tank.png; sourceTree = "<group>"; };
		155979521590D4DA0024F600 /* RootViewController.h */ = {isa = PBXFileReference; fileEncoding = 4; lastKnownFileType = sourcecode.c.h; path = RootViewController.h; sourceTree = "<group>"; };
		155979531590D4DA0024F600 /* RootViewController.m */ = {isa = PBXFileReference; fileEncoding = 4; lastKnownFileType = sourcecode.c.objc; path = RootViewController.m; sourceTree = "<group>"; };
		1559795A1590D54D0024F600 /* GameMenuView.h */ = {isa = PBXFileReference; fileEncoding = 4; lastKnownFileType = sourcecode.c.h; path = GameMenuView.h; sourceTree = "<group>"; };
		1559795B1590D54D0024F600 /* GameMenuView.m */ = {isa = PBXFileReference; fileEncoding = 4; lastKnownFileType = sourcecode.c.objc; path = GameMenuView.m; sourceTree = "<group>"; };
		1559795D1590DA670024F600 /* SpaceBackGround.png */ = {isa = PBXFileReference; lastKnownFileType = image.png; path = SpaceBackGround.png; sourceTree = "<group>"; };
		1559796B159215AF0024F600 /* Help.png */ = {isa = PBXFileReference; lastKnownFileType = image.png; path = Help.png; sourceTree = "<group>"; };
		15597976159363DB0024F600 /* YellowBar.png */ = {isa = PBXFileReference; lastKnownFileType = image.png; path = YellowBar.png; sourceTree = "<group>"; };
		1559797915936DC20024F600 /* RedBall.png */ = {isa = PBXFileReference; lastKnownFileType = image.png; path = RedBall.png; sourceTree = "<group>"; };
		1559798215939FA20024F600 /* BlackBlock.png */ = {isa = PBXFileReference; lastKnownFileType = image.png; path = BlackBlock.png; sourceTree = "<group>"; };
		155979841593A69F0024F600 /* AltFireButton.png */ = {isa = PBXFileReference; lastKnownFileType = image.png; path = AltFireButton.png; sourceTree = "<group>"; };
		1559798A1593ABCB0024F600 /* Credits.png */ = {isa = PBXFileReference; lastKnownFileType = image.png; path = Credits.png; sourceTree = "<group>"; };
		1559798D1593B5080024F600 /* Icon.png */ = {isa = PBXFileReference; lastKnownFileType = image.png; path = Icon.png; sourceTree = "<group>"; };
		1559799E1593D5A50024F600 /* StateBound.png */ = {isa = PBXFileReference; lastKnownFileType = image.png; path = StateBound.png; sourceTree = "<group>"; };
		155979A415942E990024F600 /* MenuBackGround.png */ = {isa = PBXFileReference; lastKnownFileType = image.png; path = MenuBackGround.png; sourceTree = "<group>"; };
		155979B31594EA820024F600 /* BackToMenuButton.png */ = {isa = PBXFileReference; lastKnownFileType = image.png; path = BackToMenuButton.png; sourceTree = "<group>"; };
		155979B41594EA820024F600 /* CreditsButton.png */ = {isa = PBXFileReference; lastKnownFileType = image.png; path = CreditsButton.png; sourceTree = "<group>"; };
		155979B51594EA820024F600 /* HowToPlayButton.png */ = {isa = PBXFileReference; lastKnownFileType = image.png; path = HowToPlayButton.png; sourceTree = "<group>"; };
		155979B61594EA820024F600 /* NewGameButton.png */ = {isa = PBXFileReference; lastKnownFileType = image.png; path = NewGameButton.png; sourceTree = "<group>"; };
		155979B71594EA820024F600 /* ResumeGameButton.png */ = {isa = PBXFileReference; lastKnownFileType = image.png; path = ResumeGameButton.png; sourceTree = "<group>"; };
		15CA3FA715962BC300275046 /* AudioToolbox.framework */ = {isa = PBXFileReference; lastKnownFileType = wrapper.framework; name = AudioToolbox.framework; path = System/Library/Frameworks/AudioToolbox.framework; sourceTree = SDKROOT; };
		15CA3FA915962BE300275046 /* Explosion.wav */ = {isa = PBXFileReference; lastKnownFileType = audio.wav; name = Explosion.wav; path = Sounds/Explosion.wav; sourceTree = "<group>"; };
		15CA3FAA15962BE300275046 /* Shield.wav */ = {isa = PBXFileReference; lastKnownFileType = audio.wav; name = Shield.wav; path = Sounds/Shield.wav; sourceTree = "<group>"; };
		15CA3FAB15962BE300275046 /* Shoot.wav */ = {isa = PBXFileReference; lastKnownFileType = audio.wav; name = Shoot.wav; path = Sounds/Shoot.wav; sourceTree = "<group>"; };
		15CA3FB11596361600275046 /* AVFoundation.framework */ = {isa = PBXFileReference; lastKnownFileType = wrapper.framework; name = AVFoundation.framework; path = System/Library/Frameworks/AVFoundation.framework; sourceTree = SDKROOT; };
		15CA3FBD1596630000275046 /* GameEndBoard.png */ = {isa = PBXFileReference; lastKnownFileType = image.png; path = GameEndBoard.png; sourceTree = "<group>"; };
		15CA3FC0159666E300275046 /* GameEndBlueWin.png */ = {isa = PBXFileReference; lastKnownFileType = image.png; path = GameEndBlueWin.png; sourceTree = "<group>"; };
		15CA3FC1159666E400275046 /* GameEndRedWin.png */ = {isa = PBXFileReference; lastKnownFileType = image.png; path = GameEndRedWin.png; sourceTree = "<group>"; };
/* End PBXFileReference section */

/* Begin PBXFrameworksBuildPhase section */
		152F544B158BAD790074B693 /* Frameworks */ = {
			isa = PBXFrameworksBuildPhase;
			buildActionMask = 2147483647;
			files = (
				15CA3FB21596361600275046 /* AVFoundation.framework in Frameworks */,
				15CA3FA815962BC300275046 /* AudioToolbox.framework in Frameworks */,
				152F5453158BAD790074B693 /* UIKit.framework in Frameworks */,
				152F5455158BAD790074B693 /* Foundation.framework in Frameworks */,
				152F5457158BAD790074B693 /* CoreGraphics.framework in Frameworks */,
			);
			runOnlyForDeploymentPostprocessing = 0;
		};
/* End PBXFrameworksBuildPhase section */

/* Begin PBXGroup section */
		152F5443158BAD790074B693 = {
			isa = PBXGroup;
			children = (
				1539EA6515992B3A001B51AB /* Icon2.png */,
				1559798D1593B5080024F600 /* Icon.png */,
				152F5458158BAD790074B693 /* Invaders */,
				152F5451158BAD790074B693 /* Frameworks */,
				152F544F158BAD790074B693 /* Products */,
			);
			sourceTree = "<group>";
		};
		152F544F158BAD790074B693 /* Products */ = {
			isa = PBXGroup;
			children = (
				152F544E158BAD790074B693 /* NotAnotherSpaceShooterGame.app */,
			);
			name = Products;
			sourceTree = "<group>";
		};
		152F5451158BAD790074B693 /* Frameworks */ = {
			isa = PBXGroup;
			children = (
				15CA3FB11596361600275046 /* AVFoundation.framework */,
				15CA3FA715962BC300275046 /* AudioToolbox.framework */,
				152F5452158BAD790074B693 /* UIKit.framework */,
				152F5454158BAD790074B693 /* Foundation.framework */,
				152F5456158BAD790074B693 /* CoreGraphics.framework */,
			);
			name = Frameworks;
			sourceTree = "<group>";
		};
		152F5458158BAD790074B693 /* Invaders */ = {
			isa = PBXGroup;
			children = (
				152F5461158BAD790074B693 /* AppDelegate.h */,
				152F5462158BAD790074B693 /* AppDelegate.m */,
				155979521590D4DA0024F600 /* RootViewController.h */,
				155979531590D4DA0024F600 /* RootViewController.m */,
				152F54B5158EB0020074B693 /* Invader.h */,
				152F54B6158EB0020074B693 /* Invader.m */,
				1559795A1590D54D0024F600 /* GameMenuView.h */,
				1559795B1590D54D0024F600 /* GameMenuView.m */,
				152F5472158BADC40074B693 /* GamePlayView.h */,
				152F5473158BADC40074B693 /* GamePlayView.m */,
				152F5459158BAD790074B693 /* Supporting Files */,
			);
			path = Invaders;
			sourceTree = "<group>";
		};
		152F5459158BAD790074B693 /* Supporting Files */ = {
			isa = PBXGroup;
			children = (
				155979D415951DD90024F600 /* SoundEffect */,
				152F5469158BADBA0074B693 /* Images */,
				152F545A158BAD790074B693 /* Invaders-Info.plist */,
				152F545B158BAD790074B693 /* InfoPlist.strings */,
				152F545E158BAD790074B693 /* main.m */,
				152F5460158BAD790074B693 /* Invaders-Prefix.pch */,
			);
			name = "Supporting Files";
			sourceTree = "<group>";
		};
		152F5469158BADBA0074B693 /* Images */ = {
			isa = PBXGroup;
			children = (
				155979CB15951BC30024F600 /* StateBarsImages */,
				155979C915951B7D0024F600 /* ShipsImages */,
				155979B21594EA490024F600 /* ButtonImages */,
				1539EA3D1598AF92001B51AB /* MessageBoard.png */,
				15CA3FC0159666E300275046 /* GameEndBlueWin.png */,
				15CA3FC1159666E400275046 /* GameEndRedWin.png */,
				155979A415942E990024F600 /* MenuBackGround.png */,
				15CA3FBD1596630000275046 /* GameEndBoard.png */,
				1559798215939FA20024F600 /* BlackBlock.png */,
				1559797915936DC20024F600 /* RedBall.png */,
				1559796B159215AF0024F600 /* Help.png */,
				1559795D1590DA670024F600 /* SpaceBackGround.png */,
				152F54AB158E933F0074B693 /* DropZone.png */,
				152F54A8158E85840074B693 /* Bound.png */,
				152F547D158BAF8A0074B693 /* Bullet.png */,
				1559798A1593ABCB0024F600 /* Credits.png */,
				152F546A158BADBA0074B693 /* Arrow.png */,
			);
			path = Images;
			sourceTree = "<group>";
		};
		155979B21594EA490024F600 /* ButtonImages */ = {
			isa = PBXGroup;
			children = (
				1539EA521598FC95001B51AB /* SinglePlayer1Button.png */,
				1539EA531598FC95001B51AB /* SinglePlayer2Button.png */,
				1539EA541598FC95001B51AB /* TwoPlayerButton.png */,
				1539EA3F1598B441001B51AB /* Naaa.png */,
				1539EA1D1597609D001B51AB /* ToggleControlButton.png */,
				155979B31594EA820024F600 /* BackToMenuButton.png */,
				155979B41594EA820024F600 /* CreditsButton.png */,
				155979B51594EA820024F600 /* HowToPlayButton.png */,
				155979B61594EA820024F600 /* NewGameButton.png */,
				155979B71594EA820024F600 /* ResumeGameButton.png */,
				152F546C158BADBA0074B693 /* FireButton.png */,
				155979841593A69F0024F600 /* AltFireButton.png */,
			);
			name = ButtonImages;
			sourceTree = "<group>";
		};
		155979C915951B7D0024F600 /* ShipsImages */ = {
			isa = PBXGroup;
			children = (
				1559793F158FA37E0024F600 /* Fly.png */,
				15597942158FA6430024F600 /* Ninja.png */,
				15597943158FA6430024F600 /* Tank.png */,
				152F546B158BADBA0074B693 /* Fighter.png */,
				152F546D158BADBA0074B693 /* Invader.png */,
			);
			name = ShipsImages;
			sourceTree = "<group>";
		};
		155979CB15951BC30024F600 /* StateBarsImages */ = {
			isa = PBXGroup;
			children = (
				1559799E1593D5A50024F600 /* StateBound.png */,
				15597976159363DB0024F600 /* YellowBar.png */,
				152F54A2158CFBB00074B693 /* RedBar.png */,
				152F549F158CFAF20074B693 /* BlueBar.png */,
			);
			name = StateBarsImages;
			sourceTree = "<group>";
		};
		155979D415951DD90024F600 /* SoundEffect */ = {
			isa = PBXGroup;
			children = (
				1539EA381598AD89001B51AB /* CrossingThrough.wav */,
				1539EA391598AD89001B51AB /* Explosion2.wav */,
				1539EA3115981AD5001B51AB /* NotAnotherSpaceShooterVoice.wav */,
				15CA3FA915962BE300275046 /* Explosion.wav */,
				15CA3FAA15962BE300275046 /* Shield.wav */,
				15CA3FAB15962BE300275046 /* Shoot.wav */,
			);
			name = SoundEffect;
			sourceTree = "<group>";
		};
/* End PBXGroup section */

/* Begin PBXNativeTarget section */
		152F544D158BAD790074B693 /* NotAnotherSpaceShooterGame */ = {
			isa = PBXNativeTarget;
			buildConfigurationList = 152F5466158BAD790074B693 /* Build configuration list for PBXNativeTarget "NotAnotherSpaceShooterGame" */;
			buildPhases = (
				152F544A158BAD790074B693 /* Sources */,
				152F544B158BAD790074B693 /* Frameworks */,
				152F544C158BAD790074B693 /* Resources */,
			);
			buildRules = (
			);
			dependencies = (
			);
			name = NotAnotherSpaceShooterGame;
			productName = Invaders;
			productReference = 152F544E158BAD790074B693 /* NotAnotherSpaceShooterGame.app */;
			productType = "com.apple.product-type.application";
		};
/* End PBXNativeTarget section */

/* Begin PBXProject section */
		152F5445158BAD790074B693 /* Project object */ = {
			isa = PBXProject;
			attributes = {
				LastUpgradeCheck = 0430;
			};
			buildConfigurationList = 152F5448158BAD790074B693 /* Build configuration list for PBXProject "Invaders" */;
			compatibilityVersion = "Xcode 3.2";
			developmentRegion = English;
			hasScannedForEncodings = 0;
			knownRegions = (
				en,
			);
			mainGroup = 152F5443158BAD790074B693;
			productRefGroup = 152F544F158BAD790074B693 /* Products */;
			projectDirPath = "";
			projectRoot = "";
			targets = (
				152F544D158BAD790074B693 /* NotAnotherSpaceShooterGame */,
			);
		};
/* End PBXProject section */

/* Begin PBXResourcesBuildPhase section */
		152F544C158BAD790074B693 /* Resources */ = {
			isa = PBXResourcesBuildPhase;
			buildActionMask = 2147483647;
			files = (
				152F545D158BAD790074B693 /* InfoPlist.strings in Resources */,
				152F546E158BADBA0074B693 /* Arrow.png in Resources */,
				152F546F158BADBA0074B693 /* Fighter.png in Resources */,
				152F5470158BADBA0074B693 /* FireButton.png in Resources */,
				152F5471158BADBA0074B693 /* Invader.png in Resources */,
				152F547E158BAF8A0074B693 /* Bullet.png in Resources */,
				152F54A0158CFAF20074B693 /* BlueBar.png in Resources */,
				152F54A3158CFBB00074B693 /* RedBar.png in Resources */,
				152F54A9158E85840074B693 /* Bound.png in Resources */,
				152F54AC158E933F0074B693 /* DropZone.png in Resources */,
				15597940158FA37E0024F600 /* Fly.png in Resources */,
				15597944158FA6430024F600 /* Ninja.png in Resources */,
				15597945158FA6430024F600 /* Tank.png in Resources */,
				1559795E1590DA670024F600 /* SpaceBackGround.png in Resources */,
				1559796C159215AF0024F600 /* Help.png in Resources */,
				15597977159363DB0024F600 /* YellowBar.png in Resources */,
				1559797A15936DC20024F600 /* RedBall.png in Resources */,
				1559798315939FA20024F600 /* BlackBlock.png in Resources */,
				155979851593A69F0024F600 /* AltFireButton.png in Resources */,
				1559798B1593ABCB0024F600 /* Credits.png in Resources */,
				1559798E1593B5080024F600 /* Icon.png in Resources */,
				1559799F1593D5A50024F600 /* StateBound.png in Resources */,
				155979A515942E990024F600 /* MenuBackGround.png in Resources */,
				155979B81594EA820024F600 /* BackToMenuButton.png in Resources */,
				155979B91594EA820024F600 /* CreditsButton.png in Resources */,
				155979BA1594EA820024F600 /* HowToPlayButton.png in Resources */,
				155979BB1594EA820024F600 /* NewGameButton.png in Resources */,
				155979BC1594EA820024F600 /* ResumeGameButton.png in Resources */,
				15CA3FAC15962BE300275046 /* Explosion.wav in Resources */,
				15CA3FAD15962BE300275046 /* Shield.wav in Resources */,
				15CA3FAE15962BE300275046 /* Shoot.wav in Resources */,
				15CA3FBE1596630000275046 /* GameEndBoard.png in Resources */,
				15CA3FC2159666E400275046 /* GameEndBlueWin.png in Resources */,
				15CA3FC3159666E400275046 /* GameEndRedWin.png in Resources */,
				1539EA1E1597609D001B51AB /* ToggleControlButton.png in Resources */,
				1539EA3215981AD5001B51AB /* NotAnotherSpaceShooterVoice.wav in Resources */,
				1539EA3A1598AD89001B51AB /* CrossingThrough.wav in Resources */,
				1539EA3B1598AD89001B51AB /* Explosion2.wav in Resources */,
				1539EA3E1598AF92001B51AB /* MessageBoard.png in Resources */,
				1539EA401598B441001B51AB /* Naaa.png in Resources */,
				1539EA551598FC95001B51AB /* SinglePlayer1Button.png in Resources */,
				1539EA561598FC95001B51AB /* SinglePlayer2Button.png in Resources */,
				1539EA571598FC95001B51AB /* TwoPlayerButton.png in Resources */,
				1539EA6615992B3A001B51AB /* Icon2.png in Resources */,
			);
			runOnlyForDeploymentPostprocessing = 0;
		};
/* End PBXResourcesBuildPhase section */

/* Begin PBXSourcesBuildPhase section */
		152F544A158BAD790074B693 /* Sources */ = {
			isa = PBXSourcesBuildPhase;
			buildActionMask = 2147483647;
			files = (
				152F545F158BAD790074B693 /* main.m in Sources */,
				152F5463158BAD790074B693 /* AppDelegate.m in Sources */,
				152F5474158BADC40074B693 /* GamePlayView.m in Sources */,
				152F54B7158EB0020074B693 /* Invader.m in Sources */,
				155979541590D4DA0024F600 /* RootViewController.m in Sources */,
				1559795C1590D54D0024F600 /* GameMenuView.m in Sources */,
			);
			runOnlyForDeploymentPostprocessing = 0;
		};
/* End PBXSourcesBuildPhase section */

/* Begin PBXVariantGroup section */
		152F545B158BAD790074B693 /* InfoPlist.strings */ = {
			isa = PBXVariantGroup;
			children = (
				152F545C158BAD790074B693 /* en */,
			);
			name = InfoPlist.strings;
			sourceTree = "<group>";
		};
/* End PBXVariantGroup section */

/* Begin XCBuildConfiguration section */
		152F5464158BAD790074B693 /* Debug */ = {
			isa = XCBuildConfiguration;
			buildSettings = {
				ALWAYS_SEARCH_USER_PATHS = NO;
				ARCHS = "$(ARCHS_STANDARD_32_BIT)";
				CODE_SIGN_IDENTITY = "iPhone Developer";
				"CODE_SIGN_IDENTITY[sdk=iphoneos*]" = "iPhone Developer";
				COPY_PHASE_STRIP = NO;
				GCC_C_LANGUAGE_STANDARD = gnu99;
				GCC_DYNAMIC_NO_PIC = NO;
				GCC_OPTIMIZATION_LEVEL = 0;
				GCC_PREPROCESSOR_DEFINITIONS = (
					"DEBUG=1",
					"$(inherited)",
				);
				GCC_SYMBOLS_PRIVATE_EXTERN = NO;
				GCC_VERSION = com.apple.compilers.llvm.clang.1_0;
				GCC_WARN_ABOUT_RETURN_TYPE = YES;
				GCC_WARN_UNINITIALIZED_AUTOS = YES;
				GCC_WARN_UNUSED_VARIABLE = YES;
				IPHONEOS_DEPLOYMENT_TARGET = 4.0;
				PROVISIONING_PROFILE = "";
				"PROVISIONING_PROFILE[sdk=iphoneos*]" = "";
				SDKROOT = iphoneos;
				SKIP_INSTALL = NO;
				TARGETED_DEVICE_FAMILY = 2;
			};
			name = Debug;
		};
		152F5465158BAD790074B693 /* Release */ = {
			isa = XCBuildConfiguration;
			buildSettings = {
				ALWAYS_SEARCH_USER_PATHS = NO;
				ARCHS = "$(ARCHS_STANDARD_32_BIT)";
				CODE_SIGN_IDENTITY = "iPhone Developer";
				"CODE_SIGN_IDENTITY[sdk=iphoneos*]" = "iPhone Developer";
				COPY_PHASE_STRIP = YES;
				GCC_C_LANGUAGE_STANDARD = gnu99;
				GCC_VERSION = com.apple.compilers.llvm.clang.1_0;
				GCC_WARN_ABOUT_RETURN_TYPE = YES;
				GCC_WARN_UNINITIALIZED_AUTOS = YES;
				GCC_WARN_UNUSED_VARIABLE = YES;
				IPHONEOS_DEPLOYMENT_TARGET = 4.0;
				OTHER_CFLAGS = "-DNS_BLOCK_ASSERTIONS=1";
				PROVISIONING_PROFILE = "";
				"PROVISIONING_PROFILE[sdk=iphoneos*]" = "";
				SDKROOT = iphoneos;
				SKIP_INSTALL = NO;
				TARGETED_DEVICE_FAMILY = 2;
				VALIDATE_PRODUCT = YES;
			};
			name = Release;
		};
		152F5467158BAD790074B693 /* Debug */ = {
			isa = XCBuildConfiguration;
			buildSettings = {
				CODE_SIGN_IDENTITY = "iPhone Developer";
				"CODE_SIGN_IDENTITY[sdk=iphoneos*]" = "iPhone Developer";
				GCC_PRECOMPILE_PREFIX_HEADER = YES;
				GCC_PREFIX_HEADER = "Invaders/Invaders-Prefix.pch";
				INFOPLIST_FILE = "Invaders/Invaders-Info.plist";
				PRODUCT_NAME = "$(TARGET_NAME)";
				PROVISIONING_PROFILE = "";
				"PROVISIONING_PROFILE[sdk=iphoneos*]" = "";
				SKIP_INSTALL = NO;
				TARGETED_DEVICE_FAMILY = 2;
				WRAPPER_EXTENSION = app;
			};
			name = Debug;
		};
		152F5468158BAD790074B693 /* Release */ = {
			isa = XCBuildConfiguration;
			buildSettings = {
				CODE_SIGN_IDENTITY = "iPhone Developer";
				"CODE_SIGN_IDENTITY[sdk=iphoneos*]" = "iPhone Developer";
				GCC_PRECOMPILE_PREFIX_HEADER = YES;
				GCC_PREFIX_HEADER = "Invaders/Invaders-Prefix.pch";
				INFOPLIST_FILE = "Invaders/Invaders-Info.plist";
				PRODUCT_NAME = "$(TARGET_NAME)";
				PROVISIONING_PROFILE = "";
				"PROVISIONING_PROFILE[sdk=iphoneos*]" = "";
				SKIP_INSTALL = NO;
				TARGETED_DEVICE_FAMILY = 2;
				WRAPPER_EXTENSION = app;
			};
			name = Release;
		};
/* End XCBuildConfiguration section */

/* Begin XCConfigurationList section */
		152F5448158BAD790074B693 /* Build configuration list for PBXProject "Invaders" */ = {
			isa = XCConfigurationList;
			buildConfigurations = (
				152F5464158BAD790074B693 /* Debug */,
				152F5465158BAD790074B693 /* Release */,
			);
			defaultConfigurationIsVisible = 0;
			defaultConfigurationName = Release;
		};
		152F5466158BAD790074B693 /* Build configuration list for PBXNativeTarget "NotAnotherSpaceShooterGame" */ = {
			isa = XCConfigurationList;
			buildConfigurations = (
				152F5467158BAD790074B693 /* Debug */,
				152F5468158BAD790074B693 /* Release */,
			);
			defaultConfigurationIsVisible = 0;
			defaultConfigurationName = Release;
		};
/* End XCConfigurationList section */
	};
	rootObject = 152F5445158BAD790074B693 /* Project object */;
}
